{
    "hash": "04ece26595b916a427cb64dd658f7bb8",
    "packages": [
        {
            "name": "cypresslab/compass-elephant",
            "version": "0.2.7",
            "source": {
                "type": "git",
                "url": "https://github.com/matteosister/CompassElephant",
                "reference": "v0.2.7"
            },
            "dist": {
                "type": "zip",
                "url": "https://github.com/matteosister/CompassElephant/zipball/v0.2.7",
                "reference": "v0.2.7",
                "shasum": ""
            },
            "require": {
                "php": ">=5.3.3",
                "symfony/process": "2.1.*",
                "symfony/finder": "2.1.*"
            },
            "time": "2012-08-22 12:26:32",
            "type": "library",
            "installation-source": "dist",
            "autoload": {
                "psr-0": {
                    "CompassElephant": "src/"
                }
            },
            "license": [
                "GPL3"
            ],
            "authors": [
                {
                    "name": "Matteo Giachino",
                    "email": "matteog@gmail.com",
                    "homepage": "https://github.com/matteosister/CypressTreeBundle/tree/develop",
                    "role": "Developer"
                }
            ],
            "description": "A library to manage a compass project with PHP",
            "homepage": "http://matteosister.github.com/CompassElephant",
            "keywords": [
                "css",
                "compass",
                "sass"
            ]
        },
        {
            "name": "cypresslab/less-elephant",
            "version": "0.2.2",
            "source": {
                "type": "git",
                "url": "https://github.com/matteosister/LessElephant",
                "reference": "v0.2.2"
            },
            "dist": {
                "type": "zip",
                "url": "https://github.com/matteosister/LessElephant/zipball/v0.2.2",
                "reference": "v0.2.2",
                "shasum": ""
            },
            "require": {
                "php": ">=5.3.3",
                "symfony/process": "<2.2.0",
                "symfony/finder": "<2.2.0"
            },
            "time": "2012-09-08 22:40:19",
            "type": "library",
            "installation-source": "dist",
            "autoload": {
                "psr-0": {
                    "LessElephant": "src/"
                }
            },
            "license": [
                "GPL3"
            ],
            "authors": [
                {
                    "name": "Matteo Giachino",
                    "email": "matteog@gmail.com",
                    "homepage": "https://github.com/matteosister/CypressTreeBundle/tree/develop",
                    "role": "Developer"
                }
            ],
            "description": "A library to manage a less project with PHP",
            "homepage": "http://matteosister.github.com/LessElephant",
            "keywords": [
                "css",
                "less"
            ]
        },
        {
            "name": "dflydev/github-gist-twig-extension",
            "version": "v2.0.1",
            "source": {
                "type": "git",
                "url": "git://github.com/dflydev/dflydev-github-gist-twig-extension.git",
                "reference": "v2.0.1"
            },
            "dist": {
                "type": "zip",
                "url": "https://github.com/dflydev/dflydev-github-gist-twig-extension/zipball/v2.0.1",
                "reference": "v2.0.1",
                "shasum": ""
            },
            "require": {
                "php": ">=5.3.2",
                "twig/twig": ">=1.9.1,<2.0-dev"
            },
            "require-dev": {
                "mikey179/vfsstream": "1.*"
            },
            "time": "2012-08-15 16:12:44",
            "type": "library",
            "extra": {
                "branch-alias": {
                    "dev-master": "2.0-dev"
                }
            },
            "installation-source": "dist",
            "autoload": {
                "psr-0": {
                    "Dflydev\\Twig\\Extension\\GitHubGist": "src"
                }
            },
            "license": [
                "MIT"
            ],
            "authors": [
                {
                    "name": "Dragonfly Development Inc.",
                    "email": "info@dflydev.com",
                    "homepage": "http://dflydev.com"
                },
                {
                    "name": "Beau Simensen",
                    "email": "beau@dflydev.com",
                    "homepage": "http://beausimensen.com"
                }
            ],
            "description": "GitHub Gist Twig Extension",
            "homepage": "http://github.com/dflydev/dflydev-github-gist-twig-extension",
            "keywords": [
                "twig",
                "github",
                "gist",
                "extension"
            ]
        },
        {
            "name": "dflydev/markdown",
            "version": "dev-master",
            "source": {
                "type": "git",
                "url": "https://github.com/dflydev/dflydev-markdown.git",
                "reference": "11f8faa2d17f717a038b4d372abd22a6ac4a15dc"
            },
            "dist": {
                "type": "zip",
                "url": "https://github.com/dflydev/dflydev-markdown/zipball/11f8faa2d17f717a038b4d372abd22a6ac4a15dc",
                "reference": "11f8faa2d17f717a038b4d372abd22a6ac4a15dc",
                "shasum": ""
            },
            "require": {
                "php": ">=5.3"
            },
            "time": "1342369887",
            "type": "library",
            "extra": {
                "branch-alias": {
                    "dev-master": "1.0-dev"
                }
            },
            "installation-source": "source",
            "autoload": {
                "psr-0": {
                    "dflydev\\markdown": "src"
                }
            },
            "license": [
                "BSD-3-Clause"
            ],
            "authors": [
                {
                    "name": "Dragonfly Development Inc.",
                    "email": "info@dflydev.com",
                    "homepage": "http://dflydev.com"
                },
                {
                    "name": "Beau Simensen",
                    "email": "beau@dflydev.com",
                    "homepage": "http://beausimensen.com"
                },
                {
                    "name": "Michel Fortin",
                    "homepage": "http://michelf.com"
                },
                {
                    "name": "John Gruber",
                    "homepage": "http://daringfireball.net"
                }
            ],
            "description": "PHP Markdown & Extra",
            "homepage": "http://github.com/dflydev/dflydev-markdown",
            "keywords": [
                "markdown"
            ]
        },
        {
            "name": "kriswallsmith/assetic",
            "version": "v1.0.4",
            "source": {
                "type": "git",
                "url": "http://github.com/kriswallsmith/assetic.git",
                "reference": "v1.0.4"
            },
            "dist": {
                "type": "zip",
                "url": "https://github.com/kriswallsmith/assetic/zipball/v1.0.4",
                "reference": "v1.0.4",
                "shasum": ""
            },
            "require": {
                "php": ">=5.3.1"
            },
            "time": "2012-08-28 12:18:28",
            "type": "library",
            "installation-source": "dist",
            "autoload": {
                "psr-0": {
                    "Assetic": "src/"
                }
            },
            "license": [
                "MIT"
            ],
            "authors": [
                {
                    "name": "Kris Wallsmith",
                    "email": "kris.wallsmith@gmail.com",
                    "homepage": "http://kriswallsmith.net/"
                }
            ],
            "description": "Asset Management for PHP",
            "homepage": "https://github.com/kriswallsmith/assetic",
            "keywords": [
                "assets",
                "compression",
                "minification"
            ]
        },
        {
            "name": "nervo/yuicompressor",
            "version": "2.4.7",
            "source": {
                "type": "git",
                "url": "https://github.com/nervo/yuicompressor.git",
                "reference": "2.4.7"
            },
            "dist": {
                "type": "zip",
                "url": "https://github.com/nervo/yuicompressor/zipball/2.4.7",
                "reference": "2.4.7",
                "shasum": ""
            },
            "time": "2012-05-12 08:31:30",
            "type": "library",
            "installation-source": "dist",
            "license": [
                "BSD"
            ],
            "description": "YUI Compressor is an open source tool that supports the compression of both JavaScript and CSS files. The JavaScript compression removes comments and white-spaces as well as obfuscates local variables using the smallest possible variable name. CSS compression is done using a regular-expression-based CSS minifier.",
            "homepage": "https://github.com/yui/yuicompressor",
            "keywords": [
                "java",
                "yui"
            ]
        },
        {
            "name": "symfony/config",
            "version": "2.1.x-dev",
            "target-dir": "Symfony/Component/Config",
            "source": {
                "type": "git",
                "url": "https://github.com/symfony/Config",
                "reference": "3f3b6af8930cd6604830de904fda17f60f648cf9"
            },
            "dist": {
                "type": "zip",
                "url": "https://github.com/symfony/Config/zipball/3f3b6af8930cd6604830de904fda17f60f648cf9",
                "reference": "3f3b6af8930cd6604830de904fda17f60f648cf9",
                "shasum": ""
            },
            "require": {
                "php": ">=5.3.3"
            },
            "type": "library",
            "extra": {
                "branch-alias": {
                    "dev-master": "2.1-dev"
                }
            },
            "installation-source": "source",
            "autoload": {
                "psr-0": {
                    "Symfony\\Component\\Config": ""
                }
            },
            "license": [
                "MIT"
            ],
            "authors": [
                {
                    "name": "Fabien Potencier",
                    "email": "fabien@symfony.com"
                },
                {
                    "name": "Symfony Community",
                    "homepage": "http://symfony.com/contributors"
                }
            ],
            "description": "Symfony Config Component",
            "homepage": "http://symfony.com",
            "time": "1349363877"
        },
        {
            "name": "symfony/console",
            "version": "2.1.x-dev",
            "target-dir": "Symfony/Component/Console",
            "source": {
                "type": "git",
                "url": "https://github.com/symfony/Console",
                "reference": "79b6ad67caee9ff7bac1be620a58e9164d317c58"
            },
            "dist": {
                "type": "zip",
                "url": "https://github.com/symfony/Console/zipball/79b6ad67caee9ff7bac1be620a58e9164d317c58",
                "reference": "79b6ad67caee9ff7bac1be620a58e9164d317c58",
                "shasum": ""
            },
            "require": {
                "php": ">=5.3.3"
            },
            "time": "1349963062",
            "type": "library",
            "extra": {
                "branch-alias": {
                    "dev-master": "2.1-dev"
                }
            },
            "installation-source": "source",
            "autoload": {
                "psr-0": {
                    "Symfony\\Component\\Console": ""
                }
            },
            "license": [
                "MIT"
            ],
            "authors": [
                {
                    "name": "Fabien Potencier",
                    "email": "fabien@symfony.com"
                },
                {
                    "name": "Symfony Community",
                    "homepage": "http://symfony.com/contributors"
                }
            ],
            "description": "Symfony Console Component",
            "homepage": "http://symfony.com"
        },
        {
            "name": "symfony/dependency-injection",
            "version": "2.1.x-dev",
            "target-dir": "Symfony/Component/DependencyInjection",
            "source": {
                "type": "git",
                "url": "https://github.com/symfony/DependencyInjection",
                "reference": "1f1b728f9930e20a0441e90221fddf4670791974"
            },
            "dist": {
                "type": "zip",
                "url": "https://github.com/symfony/DependencyInjection/zipball/1f1b728f9930e20a0441e90221fddf4670791974",
                "reference": "1f1b728f9930e20a0441e90221fddf4670791974",
                "shasum": ""
            },
            "require": {
                "php": ">=5.3.3"
            },
            "require-dev": {
                "symfony/yaml": "2.1.*",
                "symfony/config": "2.1.*"
            },
            "suggest": {
                "symfony/yaml": "2.1.*",
                "symfony/config": "2.1.*"
            },
            "type": "library",
            "extra": {
                "branch-alias": {
                    "dev-master": "2.1-dev"
                }
            },
            "installation-source": "source",
            "autoload": {
                "psr-0": {
                    "Symfony\\Component\\DependencyInjection": ""
                }
            },
            "license": [
                "MIT"
            ],
            "authors": [
                {
                    "name": "Fabien Potencier",
                    "email": "fabien@symfony.com"
                },
                {
                    "name": "Symfony Community",
                    "homepage": "http://symfony.com/contributors"
                }
            ],
            "description": "Symfony DependencyInjection Component",
            "homepage": "http://symfony.com",
            "time": "1349363877"
        },
        {
            "name": "symfony/filesystem",
            "version": "2.1.x-dev",
            "target-dir": "Symfony/Component/Filesystem",
            "source": {
                "type": "git",
                "url": "https://github.com/symfony/Filesystem",
                "reference": "de224eb984501c189e7c5827f38dc47789cdb840"
            },
            "dist": {
                "type": "zip",
                "url": "https://github.com/symfony/Filesystem/zipball/de224eb984501c189e7c5827f38dc47789cdb840",
                "reference": "de224eb984501c189e7c5827f38dc47789cdb840",
                "shasum": ""
            },
            "require": {
                "php": ">=5.3.3"
            },
            "type": "library",
            "extra": {
                "branch-alias": {
                    "dev-master": "2.1-dev"
                }
            },
            "installation-source": "source",
            "autoload": {
                "psr-0": {
                    "Symfony\\Component\\Filesystem": ""
                }
            },
            "license": [
                "MIT"
            ],
            "authors": [
                {
                    "name": "Fabien Potencier",
                    "email": "fabien@symfony.com"
                },
                {
                    "name": "Symfony Community",
                    "homepage": "http://symfony.com/contributors"
                }
            ],
            "description": "Symfony Filesystem Component",
            "homepage": "http://symfony.com",
            "time": "1349363877"
        },
        {
            "name": "symfony/finder",
            "version": "2.1.x-dev",
            "target-dir": "Symfony/Component/Finder",
            "source": {
                "type": "git",
                "url": "https://github.com/symfony/Finder",
                "reference": "3566ba9c000c40fb409de1ebdc6e390a14248c3c"
            },
            "dist": {
                "type": "zip",
                "url": "https://github.com/symfony/Finder/zipball/3566ba9c000c40fb409de1ebdc6e390a14248c3c",
                "reference": "3566ba9c000c40fb409de1ebdc6e390a14248c3c",
                "shasum": ""
            },
            "require": {
                "php": ">=5.3.3"
            },
            "type": "library",
            "extra": {
                "branch-alias": {
                    "dev-master": "2.1-dev"
                }
            },
            "installation-source": "source",
            "autoload": {
                "psr-0": {
                    "Symfony\\Component\\Finder": ""
                }
            },
            "license": [
                "MIT"
            ],
            "authors": [
                {
                    "name": "Fabien Potencier",
                    "email": "fabien@symfony.com"
                },
                {
                    "name": "Symfony Community",
                    "homepage": "http://symfony.com/contributors"
                }
            ],
            "description": "Symfony Finder Component",
            "homepage": "http://symfony.com",
            "time": "1349363877"
        },
        {
            "name": "symfony/process",
            "version": "2.1.x-dev",
            "target-dir": "Symfony/Component/Process",
            "source": {
                "type": "git",
                "url": "https://github.com/symfony/Process",
                "reference": "fc5b082e436161427e29652e3316d7def5f7a64f"
            },
            "dist": {
                "type": "zip",
                "url": "https://github.com/symfony/Process/zipball/fc5b082e436161427e29652e3316d7def5f7a64f",
                "reference": "fc5b082e436161427e29652e3316d7def5f7a64f",
                "shasum": ""
            },
            "require": {
                "php": ">=5.3.3"
            },
            "time": "1349553363",
            "type": "library",
            "extra": {
                "branch-alias": {
                    "dev-master": "2.1-dev"
                }
            },
            "installation-source": "source",
            "autoload": {
                "psr-0": {
                    "Symfony\\Component\\Process": ""
                }
            },
            "license": [
                "MIT"
            ],
            "authors": [
                {
                    "name": "Fabien Potencier",
                    "email": "fabien@symfony.com"
                },
                {
                    "name": "Symfony Community",
                    "homepage": "http://symfony.com/contributors"
                }
            ],
            "description": "Symfony Process Component",
            "homepage": "http://symfony.com"
        },
        {
            "name": "symfony/templating",
            "version": "2.1.x-dev",
            "target-dir": "Symfony/Component/Templating",
            "source": {
                "type": "git",
                "url": "https://github.com/symfony/Templating",
                "reference": "25543fdce183a3f6f3075304f59e08b45ddce451"
            },
            "dist": {
                "type": "zip",
                "url": "https://github.com/symfony/Templating/zipball/25543fdce183a3f6f3075304f59e08b45ddce451",
                "reference": "25543fdce183a3f6f3075304f59e08b45ddce451",
                "shasum": ""
            },
            "require": {
                "php": ">=5.3.3"
            },
            "type": "library",
            "extra": {
                "branch-alias": {
                    "dev-master": "2.1-dev"
                }
            },
            "installation-source": "source",
            "autoload": {
                "psr-0": {
                    "Symfony\\Component\\Templating": ""
                }
            },
            "license": [
                "MIT"
            ],
            "authors": [
                {
                    "name": "Fabien Potencier",
                    "email": "fabien@symfony.com"
                },
                {
                    "name": "Symfony Community",
                    "homepage": "http://symfony.com/contributors"
                }
            ],
            "description": "Symfony Templating Component",
            "homepage": "http://symfony.com",
            "time": "1349363877"
        },
        {
            "name": "symfony/yaml",
            "version": "2.1.x-dev",
            "target-dir": "Symfony/Component/Yaml",
            "source": {
                "type": "git",
                "url": "https://github.com/symfony/Yaml",
                "reference": "c02e2fbb794dae841d00765c37d66d9e9b6f40ea"
            },
            "dist": {
                "type": "zip",
                "url": "https://github.com/symfony/Yaml/zipball/c02e2fbb794dae841d00765c37d66d9e9b6f40ea",
                "reference": "c02e2fbb794dae841d00765c37d66d9e9b6f40ea",
                "shasum": ""
            },
            "require": {
                "php": ">=5.3.3"
            },
            "type": "library",
            "extra": {
                "branch-alias": {
                    "dev-master": "2.1-dev"
                }
            },
            "installation-source": "source",
            "autoload": {
                "psr-0": {
                    "Symfony\\Component\\Yaml": ""
                }
            },
            "license": [
                "MIT"
            ],
            "authors": [
                {
                    "name": "Fabien Potencier",
                    "email": "fabien@symfony.com"
                },
                {
                    "name": "Symfony Community",
                    "homepage": "http://symfony.com/contributors"
                }
            ],
            "description": "Symfony Yaml Component",
            "homepage": "http://symfony.com",
            "time": "1349363877"
        },
        {
            "name": "twig/twig",
            "version": "v1.9.2",
            "source": {
                "type": "git",
                "url": "git://github.com/fabpot/Twig.git",
                "reference": "v1.9.2"
            },
            "dist": {
                "type": "zip",
                "url": "https://github.com/fabpot/Twig/zipball/v1.9.2",
                "reference": "v1.9.2",
                "shasum": ""
            },
            "require": {
                "php": ">=5.2.4"
            },
            "time": "2012-08-25 17:32:57",
            "type": "library",
            "extra": {
                "branch-alias": {
                    "dev-master": "1.9-dev"
                }
            },
            "installation-source": "dist",
            "autoload": {
                "psr-0": {
                    "Twig_": "lib/"
                }
            },
            "license": [
                "BSD-3"
            ],
            "authors": [
                {
                    "name": "Fabien Potencier",
                    "email": "fabien@symfony.com"
                },
                {
                    "name": "Armin Ronacher",
                    "email": "armin.ronacher@active-4.com"
                }
            ],
            "description": "Twig, the flexible, fast, and secure template language for PHP",
            "homepage": "http://twig.sensiolabs.org",
            "keywords": [
                "templating"
            ]
        }
    ],
    "packages-dev": null,
    "aliases": [

    ],
    "minimum-stability": "dev",
    "stability-flags": {
        "nervo/yuicompressor": 0,
        "dflydev/github-gist-twig-extension": 0
    }
}
